
Microsoft Visual Studio Solution File, Format Version 12.00
# Visual Studio Version 17
VisualStudioVersion = 17.3.32929.385
MinimumVisualStudioVersion = 10.0.40219.1
Project("{FAE04EC0-301F-11D3-BF4B-00C04F79EFBC}") = "CheckKeywords", "ConsoleApp1\CheckKeywords.csproj", "{069691EE-B8B3-480A-BD31-8C0B4AFD38AA}"
EndProject
Project("{FAE04EC0-301F-11D3-BF4B-00C04F79EFBC}") = "Test", "Test\Test.csproj", "{9F4FA98E-17A4-4B71-A0DC-CC16FB7CDA1E}"
EndProject
Global
	GlobalSection(SolutionConfigurationPlatforms) = preSolution
		Debug|Any CPU = Debug|Any CPU
		Release|Any CPU = Release|Any CPU
	EndGlobalSection
	GlobalSection(ProjectConfigurationPlatforms) = postSolution
		{069691EE-B8B3-480A-BD31-8C0B4AFD38AA}.Debug|Any CPU.ActiveCfg = Debug|Any CPU
		{069691EE-B8B3-480A-BD31-8C0B4AFD38AA}.Debug|Any CPU.Build.0 = Debug|Any CPU
		{069691EE-B8B3-480A-BD31-8C0B4AFD38AA}.Release|Any CPU.ActiveCfg = Release|Any CPU
		{069691EE-B8B3-480A-BD31-8C0B4AFD38AA}.Release|Any CPU.Build.0 = Release|Any CPU
		{9F4FA98E-17A4-4B71-A0DC-CC16FB7CDA1E}.Debug|Any CPU.ActiveCfg = Debug|Any CPU
		{9F4FA98E-17A4-4B71-A0DC-CC16FB7CDA1E}.Debug|Any CPU.Build.0 = Debug|Any CPU
		{9F4FA98E-17A4-4B71-A0DC-CC16FB7CDA1E}.Release|Any CPU.ActiveCfg = Release|Any CPU
		{9F4FA98E-17A4-4B71-A0DC-CC16FB7CDA1E}.Release|Any CPU.Build.0 = Release|Any CPU
	EndGlobalSection
	GlobalSection(SolutionProperties) = preSolution
		HideSolutionNode = FALSE
	EndGlobalSection
	GlobalSection(ExtensibilityGlobals) = postSolution
		SolutionGuid = {F5ADB6F9-2B27-4668-B2E6-B2AB39A1E5FA}
	EndGlobalSection
EndGlobal
